
Microsoft Visual Studio Solution File, Format Version 12.00
# Visual Studio Version 17
VisualStudioVersion = 17.5.002.0
MinimumVisualStudioVersion = 10.0.40219.1
Project("{9A19103F-16F7-4668-BE54-9A1E7A4F7556}") = "TestProject", "TestProject.csproj", "{42E4885D-E71B-4511-B779-752CD2205178}"
EndProject
Global
	GlobalSection(SolutionConfigurationPlatforms) = preSolution
		Debug|Any CPU = Debug|Any CPU
		Release|Any CPU = Release|Any CPU
	EndGlobalSection
	GlobalSection(ProjectConfigurationPlatforms) = postSolution
		{42E4885D-E71B-4511-B779-752CD2205178}.Debug|Any CPU.ActiveCfg = Debug|Any CPU
		{42E4885D-E71B-4511-B779-752CD2205178}.Debug|Any CPU.Build.0 = Debug|Any CPU
		{42E4885D-E71B-4511-B779-752CD2205178}.Release|Any CPU.ActiveCfg = Release|Any CPU
		{42E4885D-E71B-4511-B779-752CD2205178}.Release|Any CPU.Build.0 = Release|Any CPU
	EndGlobalSection
	GlobalSection(SolutionProperties) = preSolution
		HideSolutionNode = FALSE
	EndGlobalSection
	GlobalSection(ExtensibilityGlobals) = postSolution
		SolutionGuid = {5DB55403-0099-4117-8C98-E61EADEA1E80}
	EndGlobalSection
EndGlobal
